// !$*UTF8*$!
{
	archiveVersion = 1;
	classes = {
	};
	objectVersion = 50;
	objects = {

/* Begin PBXBuildFile section */
		D83328C723B1BF650018E641 /* AppDelegate.swift in Sources */ = {isa = PBXBuildFile; fileRef = D83328C623B1BF650018E641 /* AppDelegate.swift */; };
		D83328C923B1BF650018E641 /* SceneDelegate.swift in Sources */ = {isa = PBXBuildFile; fileRef = D83328C823B1BF650018E641 /* SceneDelegate.swift */; };
		D83328CB23B1BF650018E641 /* ViewController.swift in Sources */ = {isa = PBXBuildFile; fileRef = D83328CA23B1BF650018E641 /* ViewController.swift */; };
		D83328CE23B1BF650018E641 /* Main.storyboard in Resources */ = {isa = PBXBuildFile; fileRef = D83328CC23B1BF650018E641 /* Main.storyboard */; };
		D83328D023B1BF670018E641 /* Assets.xcassets in Resources */ = {isa = PBXBuildFile; fileRef = D83328CF23B1BF670018E641 /* Assets.xcassets */; };
		D83328D323B1BF670018E641 /* LaunchScreen.storyboard in Resources */ = {isa = PBXBuildFile; fileRef = D83328D123B1BF670018E641 /* LaunchScreen.storyboard */; };
		F33EF31D06699C1E38F86A0C /* Pods_iOS_Starter.framework in Frameworks */ = {isa = PBXBuildFile; fileRef = AEB0F59E6E7E9AF1A45106D6 /* Pods_iOS_Starter.framework */; };
/* End PBXBuildFile section */

/* Begin PBXFileReference section */
		AEB0F59E6E7E9AF1A45106D6 /* Pods_iOS_Starter.framework */ = {isa = PBXFileReference; explicitFileType = wrapper.framework; includeInIndex = 0; path = Pods_iOS_Starter.framework; sourceTree = BUILT_PRODUCTS_DIR; };
		B470D317D86BE6DED0DE9604 /* Pods-iOS Starter.debug.xcconfig */ = {isa = PBXFileReference; includeInIndex = 1; lastKnownFileType = text.xcconfig; name = "Pods-iOS Starter.debug.xcconfig"; path = "Target Support Files/Pods-iOS Starter/Pods-iOS Starter.debug.xcconfig"; sourceTree = "<group>"; };
		D83328C323B1BF650018E641 /* iOS Starter.app */ = {isa = PBXFileReference; explicitFileType = wrapper.application; includeInIndex = 0; path = "iOS Starter.app"; sourceTree = BUILT_PRODUCTS_DIR; };
		D83328C623B1BF650018E641 /* AppDelegate.swift */ = {isa = PBXFileReference; lastKnownFileType = sourcecode.swift; path = AppDelegate.swift; sourceTree = "<group>"; };
		D83328C823B1BF650018E641 /* SceneDelegate.swift */ = {isa = PBXFileReference; lastKnownFileType = sourcecode.swift; path = SceneDelegate.swift; sourceTree = "<group>"; };
		D83328CA23B1BF650018E641 /* ViewController.swift */ = {isa = PBXFileReference; lastKnownFileType = sourcecode.swift; path = ViewController.swift; sourceTree = "<group>"; };
		D83328CD23B1BF650018E641 /* Base */ = {isa = PBXFileReference; lastKnownFileType = file.storyboard; name = Base; path = Base.lproj/Main.storyboard; sourceTree = "<group>"; };
		D83328CF23B1BF670018E641 /* Assets.xcassets */ = {isa = PBXFileReference; lastKnownFileType = folder.assetcatalog; path = Assets.xcassets; sourceTree = "<group>"; };
		D83328D223B1BF670018E641 /* Base */ = {isa = PBXFileReference; lastKnownFileType = file.storyboard; name = Base; path = Base.lproj/LaunchScreen.storyboard; sourceTree = "<group>"; };
		D83328D423B1BF670018E641 /* Info.plist */ = {isa = PBXFileReference; lastKnownFileType = text.plist.xml; path = Info.plist; sourceTree = "<group>"; };
		FBFEC559DD648552529DAE89 /* Pods-iOS Starter.release.xcconfig */ = {isa = PBXFileReference; includeInIndex = 1; lastKnownFileType = text.xcconfig; name = "Pods-iOS Starter.release.xcconfig"; path = "Target Support Files/Pods-iOS Starter/Pods-iOS Starter.release.xcconfig"; sourceTree = "<group>"; };
/* End PBXFileReference section */

/* Begin PBXFrameworksBuildPhase section */
		D83328C023B1BF650018E641 /* Frameworks */ = {
			isa = PBXFrameworksBuildPhase;
			buildActionMask = 2147483647;
			files = (
				F33EF31D06699C1E38F86A0C /* Pods_iOS_Starter.framework in Frameworks */,
			);
			runOnlyForDeploymentPostprocessing = 0;
		};
/* End PBXFrameworksBuildPhase section */

/* Begin PBXGroup section */
		1037481DF8BDDF8B162B3A36 /* Pods */ = {
			isa = PBXGroup;
			children = (
				B470D317D86BE6DED0DE9604 /* Pods-iOS Starter.debug.xcconfig */,
				FBFEC559DD648552529DAE89 /* Pods-iOS Starter.release.xcconfig */,
			);
			name = Pods;
			path = Pods;
			sourceTree = "<group>";
		};
		376AA98D6AC13C28775EF361 /* Frameworks */ = {
			isa = PBXGroup;
			children = (
				AEB0F59E6E7E9AF1A45106D6 /* Pods_iOS_Starter.framework */,
			);
			name = Frameworks;
			sourceTree = "<group>";
		};
		D83328BA23B1BF650018E641 = {
			isa = PBXGroup;
			children = (
				D83328C523B1BF650018E641 /* iOS Starter */,
				D83328C423B1BF650018E641 /* Products */,
				1037481DF8BDDF8B162B3A36 /* Pods */,
				376AA98D6AC13C28775EF361 /* Frameworks */,
			);
			sourceTree = "<group>";
		};
		D83328C423B1BF650018E641 /* Products */ = {
			isa = PBXGroup;
			children = (
				D83328C323B1BF650018E641 /* iOS Starter.app */,
			);
			name = Products;
			sourceTree = "<group>";
		};
		D83328C523B1BF650018E641 /* iOS Starter */ = {
			isa = PBXGroup;
			children = (
				D83328C623B1BF650018E641 /* AppDelegate.swift */,
				D83328C823B1BF650018E641 /* SceneDelegate.swift */,
				D83328CA23B1BF650018E641 /* ViewController.swift */,
				D83328CC23B1BF650018E641 /* Main.storyboard */,
				D83328CF23B1BF670018E641 /* Assets.xcassets */,
				D83328D123B1BF670018E641 /* LaunchScreen.storyboard */,
				D83328D423B1BF670018E641 /* Info.plist */,
			);
			path = "iOS Starter";
			sourceTree = "<group>";
		};
/* End PBXGroup section */

/* Begin PBXNativeTarget section */
		D83328C223B1BF650018E641 /* iOS Starter */ = {
			isa = PBXNativeTarget;
			buildConfigurationList = D83328D723B1BF670018E641 /* Build configuration list for PBXNativeTarget "iOS Starter" */;
			buildPhases = (
				9CE5F7EEC47A09A22357166D /* [CP] Check Pods Manifest.lock */,
				D83328BF23B1BF650018E641 /* Sources */,
				D83328C023B1BF650018E641 /* Frameworks */,
				D83328C123B1BF650018E641 /* Resources */,
				C9180012DFE89DCE451A948B /* [CP] Embed Pods Frameworks */,
			);
			buildRules = (
			);
			dependencies = (
			);
			name = "iOS Starter";
			productName = "iOS Starter";
			productReference = D83328C323B1BF650018E641 /* iOS Starter.app */;
			productType = "com.apple.product-type.application";
		};
/* End PBXNativeTarget section */

/* Begin PBXProject section */
		D83328BB23B1BF650018E641 /* Project object */ = {
			isa = PBXProject;
			attributes = {
				LastSwiftUpdateCheck = 1110;
				LastUpgradeCheck = 1110;
				ORGANIZATIONNAME = Dhilip;
				TargetAttributes = {
					D83328C223B1BF650018E641 = {
						CreatedOnToolsVersion = 11.1;
					};
				};
			};
			buildConfigurationList = D83328BE23B1BF650018E641 /* Build configuration list for PBXProject "iOS Starter" */;
			compatibilityVersion = "Xcode 9.3";
			developmentRegion = en;
			hasScannedForEncodings = 0;
			knownRegions = (
				en,
				Base,
			);
			mainGroup = D83328BA23B1BF650018E641;
			productRefGroup = D83328C423B1BF650018E641 /* Products */;
			projectDirPath = "";
			projectRoot = "";
			targets = (
				D83328C223B1BF650018E641 /* iOS Starter */,
			);
		};
/* End PBXProject section */

/* Begin PBXResourcesBuildPhase section */
		D83328C123B1BF650018E641 /* Resources */ = {
			isa = PBXResourcesBuildPhase;
			buildActionMask = 2147483647;
			files = (
				D83328D323B1BF670018E641 /* LaunchScreen.storyboard in Resources */,
				D83328D023B1BF670018E641 /* Assets.xcassets in Resources */,
				D83328CE23B1BF650018E641 /* Main.storyboard in Resources */,
			);
			runOnlyForDeploymentPostprocessing = 0;
		};
/* End PBXResourcesBuildPhase section */

/* Begin PBXShellScriptBuildPhase section */
		9CE5F7EEC47A09A22357166D /* [CP] Check Pods Manifest.lock */ = {
			isa = PBXShellScriptBuildPhase;
			buildActionMask = 2147483647;
			files = (
			);
			inputFileListPaths = (
			);
			inputPaths = (
				"${PODS_PODFILE_DIR_PATH}/Podfile.lock",
				"${PODS_ROOT}/Manifest.lock",
			);
			name = "[CP] Check Pods Manifest.lock";
			outputFileListPaths = (
			);
			outputPaths = (
				"$(DERIVED_FILE_DIR)/Pods-iOS Starter-checkManifestLockResult.txt",
			);
			runOnlyForDeploymentPostprocessing = 0;
			shellPath = /bin/sh;
			shellScript = "diff \"${PODS_PODFILE_DIR_PATH}/Podfile.lock\" \"${PODS_ROOT}/Manifest.lock\" > /dev/null\nif [ $? != 0 ] ; then\n    # print error to STDERR\n    echo \"error: The sandbox is not in sync with the Podfile.lock. Run 'pod install' or update your CocoaPods installation.\" >&2\n    exit 1\nfi\n# This output is used by Xcode 'outputs' to avoid re-running this script phase.\necho \"SUCCESS\" > \"${SCRIPT_OUTPUT_FILE_0}\"\n";
			showEnvVarsInLog = 0;
		};
		C9180012DFE89DCE451A948B /* [CP] Embed Pods Frameworks */ = {
			isa = PBXShellScriptBuildPhase;
			buildActionMask = 2147483647;
			files = (
			);
			inputFileListPaths = (
				"${PODS_ROOT}/Target Support Files/Pods-iOS Starter/Pods-iOS Starter-frameworks-${CONFIGURATION}-input-files.xcfilelist",
			);
			name = "[CP] Embed Pods Frameworks";
			outputFileListPaths = (
				"${PODS_ROOT}/Target Support Files/Pods-iOS Starter/Pods-iOS Starter-frameworks-${CONFIGURATION}-output-files.xcfilelist",
			);
			runOnlyForDeploymentPostprocessing = 0;
			shellPath = /bin/sh;
			shellScript = "\"${PODS_ROOT}/Target Support Files/Pods-iOS Starter/Pods-iOS Starter-frameworks.sh\"\n";
			showEnvVarsInLog = 0;
		};
/* End PBXShellScriptBuildPhase section */

/* Begin PBXSourcesBuildPhase section */
		D83328BF23B1BF650018E641 /* Sources */ = {
			isa = PBXSourcesBuildPhase;
			buildActionMask = 2147483647;
			files = (
				D83328CB23B1BF650018E641 /* ViewController.swift in Sources */,
				D83328C723B1BF650018E641 /* AppDelegate.swift in Sources */,
				D83328C923B1BF650018E641 /* SceneDelegate.swift in Sources */,
			);
			runOnlyForDeploymentPostprocessing = 0;
		};
/* End PBXSourcesBuildPhase section */

/* Begin PBXVariantGroup section */
		D83328CC23B1BF650018E641 /* Main.storyboard */ = {
			isa = PBXVariantGroup;
			children = (
				D83328CD23B1BF650018E641 /* Base */,
			);
			name = Main.storyboard;
			sourceTree = "<group>";
		};
		D83328D123B1BF670018E641 /* LaunchScreen.storyboard */ = {
			isa = PBXVariantGroup;
			children = (
				D83328D223B1BF670018E641 /* Base */,
			);
			name = LaunchScreen.storyboard;
			sourceTree = "<group>";
		};
/* End PBXVariantGroup section */

/* Begin XCBuildConfiguration section */
		D83328D523B1BF670018E641 /* Debug */ = {
			isa = XCBuildConfiguration;
			buildSettings = {
				ALWAYS_SEARCH_USER_PATHS = NO;
				CLANG_ANALYZER_NONNULL = YES;
				CLANG_ANALYZER_NUMBER_OBJECT_CONVERSION = YES_AGGRESSIVE;
				CLANG_CXX_LANGUAGE_STANDARD = "gnu++14";
				CLANG_CXX_LIBRARY = "libc++";
				CLANG_ENABLE_MODULES = YES;
				CLANG_ENABLE_OBJC_ARC = YES;
				CLANG_ENABLE_OBJC_WEAK = YES;
				CLANG_WARN_BLOCK_CAPTURE_AUTORELEASING = YES;
				CLANG_WARN_BOOL_CONVERSION = YES;
				CLANG_WARN_COMMA = YES;
				CLANG_WARN_CONSTANT_CONVERSION = YES;
				CLANG_WARN_DEPRECATED_OBJC_IMPLEMENTATIONS = YES;
				CLANG_WARN_DIRECT_OBJC_ISA_USAGE = YES_ERROR;
				CLANG_WARN_DOCUMENTATION_COMMENTS = YES;
				CLANG_WARN_EMPTY_BODY = YES;
				CLANG_WARN_ENUM_CONVERSION = YES;
				CLANG_WARN_INFINITE_RECURSION = YES;
				CLANG_WARN_INT_CONVERSION = YES;
				CLANG_WARN_NON_LITERAL_NULL_CONVERSION = YES;
				CLANG_WARN_OBJC_IMPLICIT_RETAIN_SELF = YES;
				CLANG_WARN_OBJC_LITERAL_CONVERSION = YES;
				CLANG_WARN_OBJC_ROOT_CLASS = YES_ERROR;
				CLANG_WARN_RANGE_LOOP_ANALYSIS = YES;
				CLANG_WARN_STRICT_PROTOTYPES = YES;
				CLANG_WARN_SUSPICIOUS_MOVE = YES;
				CLANG_WARN_UNGUARDED_AVAILABILITY = YES_AGGRESSIVE;
				CLANG_WARN_UNREACHABLE_CODE = YES;
				CLANG_WARN__DUPLICATE_METHOD_MATCH = YES;
				COPY_PHASE_STRIP = NO;
				DEBUG_INFORMATION_FORMAT = dwarf;
				ENABLE_STRICT_OBJC_MSGSEND = YES;
				ENABLE_TESTABILITY = YES;
				GCC_C_LANGUAGE_STANDARD = gnu11;
				GCC_DYNAMIC_NO_PIC = NO;
				GCC_NO_COMMON_BLOCKS = YES;
				GCC_OPTIMIZATION_LEVEL = 0;
				GCC_PREPROCESSOR_DEFINITIONS = (
					"DEBUG=1",
					"$(inherited)",
				);
				GCC_WARN_64_TO_32_BIT_CONVERSION = YES;
				GCC_WARN_ABOUT_RETURN_TYPE = YES_ERROR;
				GCC_WARN_UNDECLARED_SELECTOR = YES;
				GCC_WARN_UNINITIALIZED_AUTOS = YES_AGGRESSIVE;
				GCC_WARN_UNUSED_FUNCTION = YES;
				GCC_WARN_UNUSED_VARIABLE = YES;
				IPHONEOS_DEPLOYMENT_TARGET = 13.1;
				MTL_ENABLE_DEBUG_INFO = INCLUDE_SOURCE;
				MTL_FAST_MATH = YES;
				ONLY_ACTIVE_ARCH = YES;
				SDKROOT = iphoneos;
				SWIFT_ACTIVE_COMPILATION_CONDITIONS = DEBUG;
				SWIFT_OPTIMIZATION_LEVEL = "-Onone";
			};
			name = Debug;
		};
		D83328D623B1BF670018E641 /* Release */ = {
			isa = XCBuildConfiguration;
			buildSettings = {
				ALWAYS_SEARCH_USER_PATHS = NO;
				CLANG_ANALYZER_NONNULL = YES;
				CLANG_ANALYZER_NUMBER_OBJECT_CONVERSION = YES_AGGRESSIVE;
				CLANG_CXX_LANGUAGE_STANDARD = "gnu++14";
				CLANG_CXX_LIBRARY = "libc++";
				CLANG_ENABLE_MODULES = YES;
				CLANG_ENABLE_OBJC_ARC = YES;
				CLANG_ENABLE_OBJC_WEAK = YES;
				CLANG_WARN_BLOCK_CAPTURE_AUTORELEASING = YES;
				CLANG_WARN_BOOL_CONVERSION = YES;
				CLANG_WARN_COMMA = YES;
				CLANG_WARN_CONSTANT_CONVERSION = YES;
				CLANG_WARN_DEPRECATED_OBJC_IMPLEMENTATIONS = YES;
				CLANG_WARN_DIRECT_OBJC_ISA_USAGE = YES_ERROR;
				CLANG_WARN_DOCUMENTATION_COMMENTS = YES;
				CLANG_WARN_EMPTY_BODY = YES;
				CLANG_WARN_ENUM_CONVERSION = YES;
				CLANG_WARN_INFINITE_RECURSION = YES;
				CLANG_WARN_INT_CONVERSION = YES;
				CLANG_WARN_NON_LITERAL_NULL_CONVERSION = YES;
				CLANG_WARN_OBJC_IMPLICIT_RETAIN_SELF = YES;
				CLANG_WARN_OBJC_LITERAL_CONVERSION = YES;
				CLANG_WARN_OBJC_ROOT_CLASS = YES_ERROR;
				CLANG_WARN_RANGE_LOOP_ANALYSIS = YES;
				CLANG_WARN_STRICT_PROTOTYPES = YES;
				CLANG_WARN_SUSPICIOUS_MOVE = YES;
				CLANG_WARN_UNGUARDED_AVAILABILITY = YES_AGGRESSIVE;
				CLANG_WARN_UNREACHABLE_CODE = YES;
				CLANG_WARN__DUPLICATE_METHOD_MATCH = YES;
				COPY_PHASE_STRIP = NO;
				DEBUG_INFORMATION_FORMAT = "dwarf-with-dsym";
				ENABLE_NS_ASSERTIONS = NO;
				ENABLE_STRICT_OBJC_MSGSEND = YES;
				GCC_C_LANGUAGE_STANDARD = gnu11;
				GCC_NO_COMMON_BLOCKS = YES;
				GCC_WARN_64_TO_32_BIT_CONVERSION = YES;
				GCC_WARN_ABOUT_RETURN_TYPE = YES_ERROR;
				GCC_WARN_UNDECLARED_SELECTOR = YES;
				GCC_WARN_UNINITIALIZED_AUTOS = YES_AGGRESSIVE;
				GCC_WARN_UNUSED_FUNCTION = YES;
				GCC_WARN_UNUSED_VARIABLE = YES;
				IPHONEOS_DEPLOYMENT_TARGET = 13.1;
				MTL_ENABLE_DEBUG_INFO = NO;
				MTL_FAST_MATH = YES;
				SDKROOT = iphoneos;
				SWIFT_COMPILATION_MODE = wholemodule;
				SWIFT_OPTIMIZATION_LEVEL = "-O";
				VALIDATE_PRODUCT = YES;
			};
			name = Release;
		};
		D83328D823B1BF670018E641 /* Debug */ = {
			isa = XCBuildConfiguration;
			baseConfigurationReference = B470D317D86BE6DED0DE9604 /* Pods-iOS Starter.debug.xcconfig */;
			buildSettings = {
				ASSETCATALOG_COMPILER_APPICON_NAME = AppIcon;
				CODE_SIGN_STYLE = Automatic;
				DEVELOPMENT_TEAM = ZYPD6QMLU3;
				INFOPLIST_FILE = "iOS Starter/Info.plist";
				LD_RUNPATH_SEARCH_PATHS = (
					"$(inherited)",
					"@executable_path/Frameworks",
				);
				PRODUCT_BUNDLE_IDENTIFIER = "com.dhilip.iOS-Starter";
				PRODUCT_NAME = "$(TARGET_NAME)";
				SWIFT_VERSION = 5.0;
				TARGETED_DEVICE_FAMILY = "1,2";
			};
			name = Debug;
		};
		D83328D923B1BF670018E641 /* Release */ = {
			isa = XCBuildConfiguration;
			baseConfigurationReference = FBFEC559DD648552529DAE89 /* Pods-iOS Starter.release.xcconfig */;
			buildSettings = {
				ASSETCATALOG_COMPILER_APPICON_NAME = AppIcon;
				CODE_SIGN_STYLE = Automatic;
				DEVELOPMENT_TEAM = ZYPD6QMLU3;
				INFOPLIST_FILE = "iOS Starter/Info.plist";
				LD_RUNPATH_SEARCH_PATHS = (
					"$(inherited)",
					"@executable_path/Frameworks",
				);
				PRODUCT_BUNDLE_IDENTIFIER = "com.dhilip.iOS-Starter";
				PRODUCT_NAME = "$(TARGET_NAME)";
				SWIFT_VERSION = 5.0;
				TARGETED_DEVICE_FAMILY = "1,2";
			};
			name = Release;
		};
/* End XCBuildConfiguration section */

/* Begin XCConfigurationList section */
		D83328BE23B1BF650018E641 /* Build configuration list for PBXProject "iOS Starter" */ = {
			isa = XCConfigurationList;
			buildConfigurations = (
				D83328D523B1BF670018E641 /* Debug */,
				D83328D623B1BF670018E641 /* Release */,
			);
			defaultConfigurationIsVisible = 0;
			defaultConfigurationName = Release;
		};
		D83328D723B1BF670018E641 /* Build configuration list for PBXNativeTarget "iOS Starter" */ = {
			isa = XCConfigurationList;
			buildConfigurations = (
				D83328D823B1BF670018E641 /* Debug */,
				D83328D923B1BF670018E641 /* Release */,
			);
			defaultConfigurationIsVisible = 0;
			defaultConfigurationName = Release;
		};
/* End XCConfigurationList section */
	};
	rootObject = D83328BB23B1BF650018E641 /* Project object */;
}
